# THIS IS AN AUTOGENERATED FILE. DO NOT EDIT THIS FILE DIRECTLY.
# yarn lockfile v1


"@ant-design/colors@^3.1.0":
  version "3.2.2"
  resolved "https://registry.yarnpkg.com/@ant-design/colors/-/colors-3.2.2.tgz#5ad43d619e911f3488ebac303d606e66a8423903"
  integrity sha512-YKgNbG2dlzqMhA9NtI3/pbY16m3Yl/EeWBRa+lB1X1YaYxHrxNexiQYCLTWO/uDvAjLFMEDU+zR901waBtMtjQ==
  dependencies:
    tinycolor2 "^1.4.1"

"@ant-design/colors@^4.0.5":
  version "4.0.5"
  resolved "https://registry.yarnpkg.com/@ant-design/colors/-/colors-4.0.5.tgz#d7d100d7545cca8f624954604a6892fc48ba5aae"
  integrity sha512-3mnuX2prnWOWvpFTS2WH2LoouWlOgtnIpc6IarWN6GOzzLF8dW/U8UctuvIPhoboETehZfJ61XP+CGakBEPJ3Q==
  dependencies:
    tinycolor2 "^1.4.1"

"@ant-design/css-animation@^1.7.2":
  version "1.7.3"
  resolved "https://registry.yarnpkg.com/@ant-design/css-animation/-/css-animation-1.7.3.tgz#60a1c970014e86b28f940510d69e503e428f1136"
  integrity sha512-LrX0OGZtW+W6iLnTAqnTaoIsRelYeuLZWsrmBJFUXDALQphPsN8cE5DCsmoSlL0QYb94BQxINiuS70Ar/8BNgA==

"@ant-design/icons-svg@^4.0.0":
  version "4.1.0"
  resolved "https://registry.yarnpkg.com/@ant-design/icons-svg/-/icons-svg-4.1.0.tgz#480b025f4b20ef7fe8f47d4a4846e4fee84ea06c"
  integrity sha512-Fi03PfuUqRs76aI3UWYpP864lkrfPo0hluwGqh7NJdLhvH4iRDc3jbJqZIvRDLHKbXrvAfPPV3+zjUccfFvWOQ==

"@ant-design/icons@^4.2.1", "@ant-design/icons@^4.2.2":
  version "4.2.2"
  resolved "https://registry.yarnpkg.com/@ant-design/icons/-/icons-4.2.2.tgz#6533c5a02aec49238ec4748074845ad7d85a4f5e"
  integrity sha512-DrVV+wcupnHS7PehJ6KiTcJtAR5c25UMgjGECCc6pUT9rsvw0AuYG+a4HDjfxEQuDqKTHwW+oX/nIvCymyLE8Q==
  dependencies:
    "@ant-design/colors" "^3.1.0"
    "@ant-design/icons-svg" "^4.0.0"
    "@babel/runtime" "^7.10.4"
    classnames "^2.2.6"
    insert-css "^2.0.0"
    rc-util "^5.0.1"

"@ant-design/react-slick@~0.27.0":
  version "0.27.11"
  resolved "https://registry.yarnpkg.com/@ant-design/react-slick/-/react-slick-0.27.11.tgz#ce788312ed8e64fcba2f7bb4556f47486b407c6e"
  integrity sha512-KPJ1lleHW11bameFauI77Lb9N7O/4ulT1kplVdRQykWLv3oKVSGKVaekC3DM/Z0MYmKfCXCucpFnfgGMEHNM+w==
  dependencies:
    "@babel/runtime" "^7.10.4"
    classnames "^2.2.5"
    json2mq "^0.2.0"
    lodash "^4.17.15"
    resize-observer-polyfill "^1.5.0"

"@babel/code-frame@^7.10.4":
  version "7.10.4"
  resolved "https://registry.yarnpkg.com/@babel/code-frame/-/code-frame-7.10.4.tgz#168da1a36e90da68ae8d49c0f1b48c7c6249213a"
  integrity sha512-vG6SvB6oYEhvgisZNFRmRCUkLz11c7rp+tbNTynGqc6mS1d5ATd/sGyV6W0KZZnXRKMTzZDRgQT3Ou9jhpAfUg==
  dependencies:
    "@babel/highlight" "^7.10.4"

"@babel/helper-validator-identifier@^7.10.4":
  version "7.10.4"
  resolved "https://registry.yarnpkg.com/@babel/helper-validator-identifier/-/helper-validator-identifier-7.10.4.tgz#a78c7a7251e01f616512d31b10adcf52ada5e0d2"
  integrity sha512-3U9y+43hz7ZM+rzG24Qe2mufW5KhvFg/NhnNph+i9mgCtdTCtMJuI1TMkrIUiK7Ix4PYlRF9I5dhqaLYA/ADXw==

"@babel/highlight@^7.10.4":
  version "7.10.4"
  resolved "https://registry.yarnpkg.com/@babel/highlight/-/highlight-7.10.4.tgz#7d1bdfd65753538fabe6c38596cdb76d9ac60143"
  integrity sha512-i6rgnR/YgPEQzZZnbTHHuZdlE8qyoBNalD6F+q4vAFlcMEcqmkoG+mPqJYJCo63qPf74+Y1UZsl3l6f7/RIkmA==
  dependencies:
    "@babel/helper-validator-identifier" "^7.10.4"
    chalk "^2.0.0"
    js-tokens "^4.0.0"

"@babel/runtime-corejs3@^7.10.2":
  version "7.12.1"
  resolved "https://registry.yarnpkg.com/@babel/runtime-corejs3/-/runtime-corejs3-7.12.1.tgz#51b9092befbeeed938335a109dbe0df51451e9dc"
  integrity sha512-umhPIcMrlBZ2aTWlWjUseW9LjQKxi1dpFlQS8DzsxB//5K+u6GLTC/JliPKHsd5kJVPIU6X/Hy0YvWOYPcMxBw==
  dependencies:
    core-js-pure "^3.0.0"
    regenerator-runtime "^0.13.4"

"@babel/runtime@^7.10.1", "@babel/runtime@^7.10.2", "@babel/runtime@^7.10.3", "@babel/runtime@^7.10.4", "@babel/runtime@^7.11.1", "@babel/runtime@^7.11.2", "@babel/runtime@^7.8.4", "@babel/runtime@^7.9.2":
  version "7.12.1"
  resolved "https://registry.yarnpkg.com/@babel/runtime/-/runtime-7.12.1.tgz#b4116a6b6711d010b2dad3b7b6e43bf1b9954740"
  integrity sha512-J5AIf3vPj3UwXaAzb5j1xM4WAQDX3EMgemF8rjCP3SoW09LfRKAXQKt6CoVYl230P6iWdRcBbnLDDdnqWxZSCA==
  dependencies:
    regenerator-runtime "^0.13.4"

"@jest/types@^26.6.1":
  version "26.6.1"
  resolved "https://registry.yarnpkg.com/@jest/types/-/types-26.6.1.tgz#2638890e8031c0bc8b4681e0357ed986e2f866c5"
  integrity sha512-ywHavIKNpAVrStiRY5wiyehvcktpijpItvGiK72RAn5ctqmzvPk8OvKnvHeBqa1XdQr959CTWAJMqxI8BTibyg==
  dependencies:
    "@types/istanbul-lib-coverage" "^2.0.0"
    "@types/istanbul-reports" "^3.0.0"
    "@types/node" "*"
    "@types/yargs" "^15.0.0"
    chalk "^4.0.0"

"@testing-library/dom@^7.26.0":
  version "7.26.3"
  resolved "https://registry.yarnpkg.com/@testing-library/dom/-/dom-7.26.3.tgz#5554ee985f712d621bd676104b879f85d9a7a0ef"
  integrity sha512-/1P6taENE/H12TofJaS3L1J28HnXx8ZFhc338+XPR5y1E3g5ttOgu86DsGnV9/n2iPrfJQVUZ8eiGYZGSxculw==
  dependencies:
    "@babel/code-frame" "^7.10.4"
    "@babel/runtime" "^7.10.3"
    "@types/aria-query" "^4.2.0"
    aria-query "^4.2.2"
    chalk "^4.1.0"
    dom-accessibility-api "^0.5.1"
    lz-string "^1.4.4"
    pretty-format "^26.4.2"

"@testing-library/jest-dom@^5.11.4":
  version "5.11.5"
  resolved "https://registry.yarnpkg.com/@testing-library/jest-dom/-/jest-dom-5.11.5.tgz#44010f37f4b1e15f9d433963b515db0b05182fc8"
  integrity sha512-XI+ClHR864i6p2kRCEyhvpVejuer+ObVUF4cjCvRSF88eOMIfqw7RoS9+qoRhyigGswMfT64L6Nt0Ufotxbwtg==
  dependencies:
    "@babel/runtime" "^7.9.2"
    "@types/testing-library__jest-dom" "^5.9.1"
    aria-query "^4.2.2"
    chalk "^3.0.0"
    css "^3.0.0"
    css.escape "^1.5.1"
    lodash "^4.17.15"
    redent "^3.0.0"

"@testing-library/react@^11.1.0":
  version "11.1.0"
  resolved "https://registry.yarnpkg.com/@testing-library/react/-/react-11.1.0.tgz#dfb4b3177d05a8ccf156b5fd14a5550e91d7ebe4"
  integrity sha512-Nfz58jGzW0tgg3irmTB7sa02JLkLnCk+QN3XG6WiaGQYb0Qc4Ok00aujgjdxlIQWZHbb4Zj5ZOIeE9yKFSs4sA==
  dependencies:
    "@babel/runtime" "^7.11.2"
    "@testing-library/dom" "^7.26.0"

"@testing-library/user-event@^12.1.10":
  version "12.1.10"
  resolved "https://registry.yarnpkg.com/@testing-library/user-event/-/user-event-12.1.10.tgz#e043ef5aa10e4b3e56b434e383d2fbfef1fcfb7f"
  integrity sha512-StlNdKHp2Rpb7yrny/5/CGpz8bR3jLa1Ge59ODGU6TmAhkrxSpvR6tCD1gaMFkkjEUWkmmye8BaXsZPcaiJ6Ug==
  dependencies:
    "@babel/runtime" "^7.10.2"

"@types/aria-query@^4.2.0":
  version "4.2.0"
  resolved "https://registry.yarnpkg.com/@types/aria-query/-/aria-query-4.2.0.tgz#14264692a9d6e2fa4db3df5e56e94b5e25647ac0"
  integrity sha512-iIgQNzCm0v7QMhhe4Jjn9uRh+I6GoPmt03CbEtwx3ao8/EfoQcmgtqH4vQ5Db/lxiIGaWDv6nwvunuh0RyX0+A==

"@types/istanbul-lib-coverage@*", "@types/istanbul-lib-coverage@^2.0.0":
  version "2.0.3"
  resolved "https://registry.yarnpkg.com/@types/istanbul-lib-coverage/-/istanbul-lib-coverage-2.0.3.tgz#4ba8ddb720221f432e443bd5f9117fd22cfd4762"
  integrity sha512-sz7iLqvVUg1gIedBOvlkxPlc8/uVzyS5OwGz1cKjXzkl3FpL3al0crU8YGU1WoHkxn0Wxbw5tyi6hvzJKNzFsw==

"@types/istanbul-lib-report@*":
  version "3.0.0"
  resolved "https://registry.yarnpkg.com/@types/istanbul-lib-report/-/istanbul-lib-report-3.0.0.tgz#c14c24f18ea8190c118ee7562b7ff99a36552686"
  integrity sha512-plGgXAPfVKFoYfa9NpYDAkseG+g6Jr294RqeqcqDixSbU34MZVJRi/P+7Y8GDpzkEwLaGZZOpKIEmeVZNtKsrg==
  dependencies:
    "@types/istanbul-lib-coverage" "*"

"@types/istanbul-reports@^3.0.0":
  version "3.0.0"
  resolved "https://registry.yarnpkg.com/@types/istanbul-reports/-/istanbul-reports-3.0.0.tgz#508b13aa344fa4976234e75dddcc34925737d821"
  integrity sha512-nwKNbvnwJ2/mndE9ItP/zc2TCzw6uuodnF4EHYWD+gCQDVBuRQL5UzbZD0/ezy1iKsFU2ZQiDqg4M9dN4+wZgA==
  dependencies:
    "@types/istanbul-lib-report" "*"

"@types/jest@*":
  version "26.0.15"
  resolved "https://registry.yarnpkg.com/@types/jest/-/jest-26.0.15.tgz#12e02c0372ad0548e07b9f4e19132b834cb1effe"
  integrity sha512-s2VMReFXRg9XXxV+CW9e5Nz8fH2K1aEhwgjUqPPbQd7g95T0laAcvLv032EhFHIa5GHsZ8W7iJEQVaJq6k3Gog==
  dependencies:
    jest-diff "^26.0.0"
    pretty-format "^26.0.0"

"@types/node@*":
  version "14.14.6"
  resolved "https://registry.yarnpkg.com/@types/node/-/node-14.14.6.tgz#146d3da57b3c636cc0d1769396ce1cfa8991147f"
  integrity sha512-6QlRuqsQ/Ox/aJEQWBEJG7A9+u7oSYl3mem/K8IzxXG/kAGbV1YPD9Bg9Zw3vyxC/YP+zONKwy8hGkSt1jxFMw==

"@types/testing-library__jest-dom@^5.9.1":
  version "5.9.5"
  resolved "https://registry.yarnpkg.com/@types/testing-library__jest-dom/-/testing-library__jest-dom-5.9.5.tgz#5bf25c91ad2d7b38f264b12275e5c92a66d849b0"
  integrity sha512-ggn3ws+yRbOHog9GxnXiEZ/35Mow6YtPZpd7Z5mKDeZS/o7zx3yAle0ov/wjhVB5QT4N2Dt+GNoGCdqkBGCajQ==
  dependencies:
    "@types/jest" "*"

"@types/yargs-parser@*":
  version "15.0.0"
  resolved "https://registry.yarnpkg.com/@types/yargs-parser/-/yargs-parser-15.0.0.tgz#cb3f9f741869e20cce330ffbeb9271590483882d"
  integrity sha512-FA/BWv8t8ZWJ+gEOnLLd8ygxH/2UFbAvgEonyfN6yWGLKc7zVjbpl2Y4CTjid9h2RfgPP6SEt6uHwEOply00yw==

"@types/yargs@^15.0.0":
  version "15.0.9"
  resolved "https://registry.yarnpkg.com/@types/yargs/-/yargs-15.0.9.tgz#524cd7998fe810cdb02f26101b699cccd156ff19"
  integrity sha512-HmU8SeIRhZCWcnRskCs36Q1Q00KBV6Cqh/ora8WN1+22dY07AZdn6Gel8QZ3t26XYPImtcL8WV/eqjhVmMEw4g==
  dependencies:
    "@types/yargs-parser" "*"

add-dom-event-listener@^1.1.0:
  version "1.1.0"
  resolved "https://registry.yarnpkg.com/add-dom-event-listener/-/add-dom-event-listener-1.1.0.tgz#6a92db3a0dd0abc254e095c0f1dc14acbbaae310"
  integrity sha512-WCxx1ixHT0GQU9hb0KI/mhgRQhnU+U3GvwY6ZvVjYq8rsihIGoaIOUbY0yMPBxLH5MDtr0kz3fisWGNcbWW7Jw==
  dependencies:
    object-assign "4.x"

ansi-regex@^5.0.0:
  version "5.0.0"
  resolved "https://registry.yarnpkg.com/ansi-regex/-/ansi-regex-5.0.0.tgz#388539f55179bf39339c81af30a654d69f87cb75"
  integrity sha512-bY6fj56OUQ0hU1KjFNDQuJFezqKdrAyFdIevADiqrWHwSlbmBNMHp5ak2f40Pm8JTFyM2mqxkG6ngkHO11f/lg==

ansi-styles@^3.2.1:
  version "3.2.1"
  resolved "https://registry.yarnpkg.com/ansi-styles/-/ansi-styles-3.2.1.tgz#41fbb20243e50b12be0f04b8dedbf07520ce841d"
  integrity sha512-VT0ZI6kZRdTh8YyJw3SMbYm/u+NqfsAxEpWO0Pf9sq8/e94WxxOpPKx9FR1FlyCtOVDNOQ+8ntlqFxiRc+r5qA==
  dependencies:
    color-convert "^1.9.0"

ansi-styles@^4.0.0, ansi-styles@^4.1.0:
  version "4.3.0"
  resolved "https://registry.yarnpkg.com/ansi-styles/-/ansi-styles-4.3.0.tgz#edd803628ae71c04c85ae7a0906edad34b648937"
  integrity sha512-zbB9rCJAT1rbjiVDb2hqKFHNYLxgtk8NURxZ3IZwD3F6NtxbXZQCnnSi1Lkx+IDohdPlFp222wVALIheZJQSEg==
  dependencies:
    color-convert "^2.0.1"

antd@^4.7.3:
  version "4.7.3"
  resolved "https://registry.yarnpkg.com/antd/-/antd-4.7.3.tgz#f9fadb3ec2c2a5c65237013cb54993bda72bd798"
  integrity sha512-WrI3exgD0UpTgxotEXlZcMGvEK3ehHVxz28SVWujDGJWZC1L87Mze4W6yVTrVRBfTlwkFsp/7W2Pb7whs3yPag==
  dependencies:
    "@ant-design/colors" "^4.0.5"
    "@ant-design/css-animation" "^1.7.2"
    "@ant-design/icons" "^4.2.1"
    "@ant-design/react-slick" "~0.27.0"
    "@babel/runtime" "^7.11.2"
    array-tree-filter "^2.1.0"
    classnames "^2.2.6"
    copy-to-clipboard "^3.2.0"
    lodash "^4.17.20"
    moment "^2.25.3"
    omit.js "^2.0.2"
    raf "^3.4.1"
    rc-animate "~3.1.0"
    rc-cascader "~1.4.0"
    rc-checkbox "~2.3.0"
    rc-collapse "~2.0.0"
    rc-dialog "~8.4.0"
    rc-drawer "~4.1.0"
    rc-dropdown "~3.2.0"
    rc-field-form "~1.13.0"
    rc-image "~3.2.1"
    rc-input-number "~6.1.0"
    rc-mentions "~1.5.0"
    rc-menu "~8.8.2"
    rc-motion "^2.2.0"
    rc-notification "~4.5.2"
    rc-pagination "~3.1.0"
    rc-picker "~2.3.0"
    rc-progress "~3.1.0"
    rc-rate "~2.8.2"
    rc-resize-observer "^0.2.3"
    rc-select "~11.4.0"
    rc-slider "~9.5.2"
    rc-steps "~4.1.0"
    rc-switch "~3.2.0"
    rc-table "~7.10.0"
    rc-tabs "~11.7.0"
    rc-textarea "~0.3.0"
    rc-tooltip "~5.0.0"
    rc-tree "~3.10.0"
    rc-tree-select "~4.1.1"
    rc-trigger "~5.0.3"
    rc-upload "~3.3.1"
    rc-util "^5.1.0"
    scroll-into-view-if-needed "^2.2.25"
    warning "^4.0.3"

aria-query@^4.2.2:
  version "4.2.2"
  resolved "https://registry.yarnpkg.com/aria-query/-/aria-query-4.2.2.tgz#0d2ca6c9aceb56b8977e9fed6aed7e15bbd2f83b"
  integrity sha512-o/HelwhuKpTj/frsOsbNLNgnNGVIFsVP/SW2BSF14gVl7kAfMOJ6/8wUAUvG1R1NHKrfG+2sHZTu0yauT1qBrA==
  dependencies:
    "@babel/runtime" "^7.10.2"
    "@babel/runtime-corejs3" "^7.10.2"

array-tree-filter@^2.1.0:
  version "2.1.0"
  resolved "https://registry.yarnpkg.com/array-tree-filter/-/array-tree-filter-2.1.0.tgz#873ac00fec83749f255ac8dd083814b4f6329190"
  integrity sha512-4ROwICNlNw/Hqa9v+rk5h22KjmzB1JGTMVKP2AKJBOCgb0yL0ASf0+YvCcLNNwquOHNX48jkeZIJ3a+oOQqKcw==

async-validator@^3.0.3:
  version "3.4.0"
  resolved "https://registry.yarnpkg.com/async-validator/-/async-validator-3.4.0.tgz#871b3e594124bf4c4eb7bcd1a9e78b44f3b09cae"
  integrity sha512-VrFk4eYiJAWKskEz115iiuCf9O0ftnMMPXrOFMqyzGH2KxO7YwncKyn/FgOOP+0MDHMfXL7gLExagCutaZGigA==

atob@^2.1.2:
  version "2.1.2"
  resolved "https://registry.yarnpkg.com/atob/-/atob-2.1.2.tgz#6d9517eb9e030d2436666651e86bd9f6f13533c9"
  integrity sha512-Wm6ukoaOGJi/73p/cl2GvLjTI5JM1k/O14isD73YML8StrH/7/lRFgmg8nICZgD3bZZvjwCGxtMOD3wWNAu8cg==

chalk@^2.0.0:
  version "2.4.2"
  resolved "https://registry.yarnpkg.com/chalk/-/chalk-2.4.2.tgz#cd42541677a54333cf541a49108c1432b44c9424"
  integrity sha512-Mti+f9lpJNcwF4tWV8/OrTTtF1gZi+f8FqlyAdouralcFWFQWF2+NgCHShjkCb+IFBLq9buZwE1xckQU4peSuQ==
  dependencies:
    ansi-styles "^3.2.1"
    escape-string-regexp "^1.0.5"
    supports-color "^5.3.0"

chalk@^3.0.0:
  version "3.0.0"
  resolved "https://registry.yarnpkg.com/chalk/-/chalk-3.0.0.tgz#3f73c2bf526591f574cc492c51e2456349f844e4"
  integrity sha512-4D3B6Wf41KOYRFdszmDqMCGq5VV/uMAB273JILmO+3jAlh8X4qDtdtgCR3fxtbLEMzSx22QdhnDcJvu2u1fVwg==
  dependencies:
    ansi-styles "^4.1.0"
    supports-color "^7.1.0"

chalk@^4.0.0, chalk@^4.1.0:
  version "4.1.0"
  resolved "https://registry.yarnpkg.com/chalk/-/chalk-4.1.0.tgz#4e14870a618d9e2edd97dd8345fd9d9dc315646a"
  integrity sha512-qwx12AxXe2Q5xQ43Ac//I6v5aXTipYrSESdOgzrN+9XjgEpyjpKuvSGaN4qE93f7TQTlerQQ8S+EQ0EyDoVL1A==
  dependencies:
    ansi-styles "^4.1.0"
    supports-color "^7.1.0"

classnames@2.x, classnames@^2.2.1, classnames@^2.2.3, classnames@^2.2.5, classnames@^2.2.6:
  version "2.2.6"
  resolved "https://registry.yarnpkg.com/classnames/-/classnames-2.2.6.tgz#43935bffdd291f326dad0a205309b38d00f650ce"
  integrity sha512-JR/iSQOSt+LQIWwrwEzJ9uk0xfN3mTVYMwt1Ir5mUcSN6pU+V4zQFFaJsclJbPuAUQH+yfWef6tm7l1quW3C8Q==

color-convert@^1.9.0:
  version "1.9.3"
  resolved "https://registry.yarnpkg.com/color-convert/-/color-convert-1.9.3.tgz#bb71850690e1f136567de629d2d5471deda4c1e8"
  integrity sha512-QfAUtd+vFdAtFQcC8CCyYt1fYWxSqAiK2cSD6zDB8N3cpsEBAvRxp9zOGg6G/SHHJYAT88/az/IuDGALsNVbGg==
  dependencies:
    color-name "1.1.3"

color-convert@^2.0.1:
  version "2.0.1"
  resolved "https://registry.yarnpkg.com/color-convert/-/color-convert-2.0.1.tgz#72d3a68d598c9bdb3af2ad1e84f21d896abd4de3"
  integrity sha512-RRECPsj7iu/xb5oKYcsFHSppFNnsj/52OVTRKb4zP5onXwVF3zVmmToNcOfGC+CRDpfK/U584fMg38ZHCaElKQ==
  dependencies:
    color-name "~1.1.4"

color-name@1.1.3:
  version "1.1.3"
  resolved "https://registry.yarnpkg.com/color-name/-/color-name-1.1.3.tgz#a7d0558bd89c42f795dd42328f740831ca53bc25"
  integrity sha1-p9BVi9icQveV3UIyj3QIMcpTvCU=

color-name@~1.1.4:
  version "1.1.4"
  resolved "https://registry.yarnpkg.com/color-name/-/color-name-1.1.4.tgz#c2a09a87acbde69543de6f63fa3995c826c536a2"
  integrity sha512-dOy+3AuW3a2wNbZHIuMZpTcgjGuLU/uBL/ubcZF9OXbDo8ff4O8yVp5Bf0efS8uEoYo5q4Fx7dY9OgQGXgAsQA==

compute-scroll-into-view@^1.0.16:
  version "1.0.16"
  resolved "https://registry.yarnpkg.com/compute-scroll-into-view/-/compute-scroll-into-view-1.0.16.tgz#5b7bf4f7127ea2c19b750353d7ce6776a90ee088"
  integrity sha512-a85LHKY81oQnikatZYA90pufpZ6sQx++BoCxOEMsjpZx+ZnaKGQnCyCehTRr/1p9GBIAHTjcU9k71kSYWloLiQ==

copy-to-clipboard@^3.2.0:
  version "3.3.1"
  resolved "https://registry.yarnpkg.com/copy-to-clipboard/-/copy-to-clipboard-3.3.1.tgz#115aa1a9998ffab6196f93076ad6da3b913662ae"
  integrity sha512-i13qo6kIHTTpCm8/Wup+0b1mVWETvu2kIMzKoK8FpkLkFxlt0znUAHcMzox+T8sPlqtZXq3CulEjQHsYiGFJUw==
  dependencies:
    toggle-selection "^1.0.6"

core-js-pure@^3.0.0:
  version "3.6.5"
  resolved "https://registry.yarnpkg.com/core-js-pure/-/core-js-pure-3.6.5.tgz#c79e75f5e38dbc85a662d91eea52b8256d53b813"
  integrity sha512-lacdXOimsiD0QyNf9BC/mxivNJ/ybBGJXQFKzRekp1WTHoVUWsUHEn+2T8GJAzzIhyOuXA+gOxCVN3l+5PLPUA==

css.escape@^1.5.1:
  version "1.5.1"
  resolved "https://registry.yarnpkg.com/css.escape/-/css.escape-1.5.1.tgz#42e27d4fa04ae32f931a4b4d4191fa9cddee97cb"
  integrity sha1-QuJ9T6BK4y+TGktNQZH6nN3ul8s=

css@^3.0.0:
  version "3.0.0"
  resolved "https://registry.yarnpkg.com/css/-/css-3.0.0.tgz#4447a4d58fdd03367c516ca9f64ae365cee4aa5d"
  integrity sha512-DG9pFfwOrzc+hawpmqX/dHYHJG+Bsdb0klhyi1sDneOgGOXy9wQIC8hzyVp1e4NRYDBdxcylvywPkkXCHAzTyQ==
  dependencies:
    inherits "^2.0.4"
    source-map "^0.6.1"
    source-map-resolve "^0.6.0"

date-fns@^2.15.0:
  version "2.16.1"
  resolved "https://registry.yarnpkg.com/date-fns/-/date-fns-2.16.1.tgz#05775792c3f3331da812af253e1a935851d3834b"
  integrity sha512-sAJVKx/FqrLYHAQeN7VpJrPhagZc9R4ImZIWYRFZaaohR3KzmuK88touwsSwSVT8Qcbd4zoDsnGfX4GFB4imyQ==

dayjs@^1.8.30:
  version "1.9.4"
  resolved "https://registry.yarnpkg.com/dayjs/-/dayjs-1.9.4.tgz#fcde984e227f4296f04e7b05720adad2e1071f1b"
  integrity sha512-ABSF3alrldf7nM9sQ2U+Ln67NRwmzlLOqG7kK03kck0mw3wlSSEKv/XhKGGxUjQcS57QeiCyNdrFgtj9nWlrng==

decode-uri-component@^0.2.0:
  version "0.2.0"
  resolved "https://registry.yarnpkg.com/decode-uri-component/-/decode-uri-component-0.2.0.tgz#eb3913333458775cb84cd1a1fae062106bb87545"
  integrity sha1-6zkTMzRYd1y4TNGh+uBiEGu4dUU=

diff-sequences@^26.5.0:
  version "26.5.0"
  resolved "https://registry.yarnpkg.com/diff-sequences/-/diff-sequences-26.5.0.tgz#ef766cf09d43ed40406611f11c6d8d9dd8b2fefd"
  integrity sha512-ZXx86srb/iYy6jG71k++wBN9P9J05UNQ5hQHQd9MtMPvcqXPx/vKU69jfHV637D00Q2gSgPk2D+jSx3l1lDW/Q==

dom-accessibility-api@^0.5.1:
  version "0.5.4"
  resolved "https://registry.yarnpkg.com/dom-accessibility-api/-/dom-accessibility-api-0.5.4.tgz#b06d059cdd4a4ad9a79275f9d414a5c126241166"
  integrity sha512-TvrjBckDy2c6v6RLxPv5QXOnU+SmF9nBII5621Ve5fu6Z/BDrENurBEvlC1f44lKEUVqOpK4w9E5Idc5/EgkLQ==

dom-align@^1.7.0:
  version "1.12.0"
  resolved "https://registry.yarnpkg.com/dom-align/-/dom-align-1.12.0.tgz#56fb7156df0b91099830364d2d48f88963f5a29c"
  integrity sha512-YkoezQuhp3SLFGdOlr5xkqZ640iXrnHAwVYcDg8ZKRUtO7mSzSC2BA5V0VuyAwPSJA4CLIc6EDDJh4bEsD2+zA==

escape-string-regexp@^1.0.5:
  version "1.0.5"
  resolved "https://registry.yarnpkg.com/escape-string-regexp/-/escape-string-regexp-1.0.5.tgz#1b61c0562190a8dff6ae3bb2cf0200ca130b86d4"
  integrity sha1-G2HAViGQqN/2rjuyzwIAyhMLhtQ=

has-flag@^3.0.0:
  version "3.0.0"
  resolved "https://registry.yarnpkg.com/has-flag/-/has-flag-3.0.0.tgz#b5d454dc2199ae225699f3467e5a07f3b955bafd"
  integrity sha1-tdRU3CGZriJWmfNGfloH87lVuv0=

has-flag@^4.0.0:
  version "4.0.0"
  resolved "https://registry.yarnpkg.com/has-flag/-/has-flag-4.0.0.tgz#944771fd9c81c81265c4d6941860da06bb59479b"
  integrity sha512-EykJT/Q1KjTWctppgIAgfSO0tKVuZUjhgMr17kqTumMl6Afv3EISleU7qZUzoXDFTAHTDC4NOoG/ZxU3EvlMPQ==

hoist-non-react-statics@^3.3.2:
  version "3.3.2"
  resolved "https://registry.yarnpkg.com/hoist-non-react-statics/-/hoist-non-react-statics-3.3.2.tgz#ece0acaf71d62c2969c2ec59feff42a4b1a85b45"
  integrity sha512-/gGivxi8JPKWNm/W0jSmzcMPpfpPLc3dY/6GxhX2hQ9iGj3aDfklV4ET7NjKpSinLpJ5vafa9iiGIEZg10SfBw==
  dependencies:
    react-is "^16.7.0"

indent-string@^4.0.0:
  version "4.0.0"
  resolved "https://registry.yarnpkg.com/indent-string/-/indent-string-4.0.0.tgz#624f8f4497d619b2d9768531d58f4122854d7251"
  integrity sha512-EdDDZu4A2OyIK7Lr/2zG+w5jmbuk1DVBnEwREQvBzspBJkCEbRa8GxU1lghYcaGJCnRWibjDXlq779X1/y5xwg==

inherits@^2.0.4:
  version "2.0.4"
  resolved "https://registry.yarnpkg.com/inherits/-/inherits-2.0.4.tgz#0fa2c64f932917c3433a0ded55363aae37416b7c"
  integrity sha512-k/vGaX4/Yla3WzyMCvTQOXYeIHvqOKtnqBduzTHpzpQZzAskKMhZ2K+EnBiSM9zGSoIFeMpXKxa4dYeZIQqewQ==

insert-css@^2.0.0:
  version "2.0.0"
  resolved "https://registry.yarnpkg.com/insert-css/-/insert-css-2.0.0.tgz#eb5d1097b7542f4c79ea3060d3aee07d053880f4"
  integrity sha1-610Ql7dUL0x56jBg067gfQU4gPQ=

jest-diff@^26.0.0:
  version "26.6.1"
  resolved "https://registry.yarnpkg.com/jest-diff/-/jest-diff-26.6.1.tgz#38aa194979f454619bb39bdee299fb64ede5300c"
  integrity sha512-BBNy/zin2m4kG5In126O8chOBxLLS/XMTuuM2+YhgyHk87ewPzKTuTJcqj3lOWOi03NNgrl+DkMeV/exdvG9gg==
  dependencies:
    chalk "^4.0.0"
    diff-sequences "^26.5.0"
    jest-get-type "^26.3.0"
    pretty-format "^26.6.1"

jest-get-type@^26.3.0:
  version "26.3.0"
  resolved "https://registry.yarnpkg.com/jest-get-type/-/jest-get-type-26.3.0.tgz#e97dc3c3f53c2b406ca7afaed4493b1d099199e0"
  integrity sha512-TpfaviN1R2pQWkIihlfEanwOXK0zcxrKEE4MlU6Tn7keoXdN6/3gK/xl0yEh8DOunn5pOVGKf8hB4R9gVh04ig==

"js-tokens@^3.0.0 || ^4.0.0", js-tokens@^4.0.0:
  version "4.0.0"
  resolved "https://registry.yarnpkg.com/js-tokens/-/js-tokens-4.0.0.tgz#19203fb59991df98e3a287050d4647cdeaf32499"
  integrity sha512-RdJUflcE3cUzKiMqQgsCu06FPu9UdIJO0beYbPhHN4k6apgJtifcoCtT9bcxOpYBtpD2kCM6Sbzg4CausW/PKQ==

json2mq@^0.2.0:
  version "0.2.0"
  resolved "https://registry.yarnpkg.com/json2mq/-/json2mq-0.2.0.tgz#b637bd3ba9eabe122c83e9720483aeb10d2c904a"
  integrity sha1-tje9O6nqvhIsg+lyBIOusQ0skEo=
  dependencies:
    string-convert "^0.2.0"

lodash@^4.17.15, lodash@^4.17.20:
  version "4.17.20"
  resolved "https://registry.yarnpkg.com/lodash/-/lodash-4.17.20.tgz#b44a9b6297bcb698f1c51a3545a2b3b368d59c52"
  integrity sha512-PlhdFcillOINfeV7Ni6oF1TAEayyZBoZ8bcshTHqOYJYlrqzRK5hagpagky5o4HfCzzd1TRkXPMFq6cKk9rGmA==

loose-envify@^1.0.0, loose-envify@^1.4.0:
  version "1.4.0"
  resolved "https://registry.yarnpkg.com/loose-envify/-/loose-envify-1.4.0.tgz#71ee51fa7be4caec1a63839f7e682d8132d30caf"
  integrity sha512-lyuxPGr/Wfhrlem2CL/UcnUc1zcqKAImBDzukY7Y5F/yQiNdko6+fRLevlw1HgMySw7f611UIY408EtxRSoK3Q==
  dependencies:
    js-tokens "^3.0.0 || ^4.0.0"

lz-string@^1.4.4:
  version "1.4.4"
  resolved "https://registry.yarnpkg.com/lz-string/-/lz-string-1.4.4.tgz#c0d8eaf36059f705796e1e344811cf4c498d3a26"
  integrity sha1-wNjq82BZ9wV5bh40SBHPTEmNOiY=

min-indent@^1.0.0:
  version "1.0.1"
  resolved "https://registry.yarnpkg.com/min-indent/-/min-indent-1.0.1.tgz#a63f681673b30571fbe8bc25686ae746eefa9869"
  integrity sha512-I9jwMn07Sy/IwOj3zVkVik2JTvgpaykDZEigL6Rx6N9LbMywwUSMtxET+7lVoDLLd3O3IXwJwvuuns8UB/HeAg==

mini-store@^3.0.1:
  version "3.0.6"
  resolved "https://registry.yarnpkg.com/mini-store/-/mini-store-3.0.6.tgz#44b86be5b2877271224ce0689b3a35a2dffb1ca9"
  integrity sha512-YzffKHbYsMQGUWQRKdsearR79QsMzzJcDDmZKlJBqt5JNkqpyJHYlK6gP61O36X+sLf76sO9G6mhKBe83gIZIQ==
  dependencies:
    hoist-non-react-statics "^3.3.2"
    shallowequal "^1.0.2"

moment@^2.24.0, moment@^2.25.3:
  version "2.29.1"
  resolved "https://registry.yarnpkg.com/moment/-/moment-2.29.1.tgz#b2be769fa31940be9eeea6469c075e35006fa3d3"
  integrity sha512-kHmoybcPV8Sqy59DwNDY3Jefr64lK/by/da0ViFcuA4DH0vQg5Q6Ze5VimxkfQNSC+Mls/Kx53s7TjP1RhFEDQ==

object-assign@4.x, object-assign@^4.1.1:
  version "4.1.1"
  resolved "https://registry.yarnpkg.com/object-assign/-/object-assign-4.1.1.tgz#2109adc7965887cfc05cbbd442cac8bfbb360863"
  integrity sha1-IQmtx5ZYh8/AXLvUQsrIv7s2CGM=

omit.js@^2.0.0, omit.js@^2.0.2:
  version "2.0.2"
  resolved "https://registry.yarnpkg.com/omit.js/-/omit.js-2.0.2.tgz#dd9b8436fab947a5f3ff214cb2538631e313ec2f"
  integrity sha512-hJmu9D+bNB40YpL9jYebQl4lsTW6yEHRTroJzNLqQJYHm7c+NQnJGfZmIWh8S3q3KoaxV1aLhV6B3+0N0/kyJg==

performance-now@^2.1.0:
  version "2.1.0"
  resolved "https://registry.yarnpkg.com/performance-now/-/performance-now-2.1.0.tgz#6309f4e0e5fa913ec1c69307ae364b4b377c9e7b"
  integrity sha1-Ywn04OX6kT7BxpMHrjZLSzd8nns=

pretty-format@^26.0.0, pretty-format@^26.4.2, pretty-format@^26.6.1:
  version "26.6.1"
  resolved "https://registry.yarnpkg.com/pretty-format/-/pretty-format-26.6.1.tgz#af9a2f63493a856acddeeb11ba6bcf61989660a8"
  integrity sha512-MeqqsP5PYcRBbGMvwzsyBdmAJ4EFX7pWFyl7x4+dMVg5pE0ZDdBIvEH2ergvIO+Gvwv1wh64YuOY9y5LuyY/GA==
  dependencies:
    "@jest/types" "^26.6.1"
    ansi-regex "^5.0.0"
    ansi-styles "^4.0.0"
    react-is "^17.0.1"

prop-types@^15.5.10:
  version "15.7.2"
  resolved "https://registry.yarnpkg.com/prop-types/-/prop-types-15.7.2.tgz#52c41e75b8c87e72b9d9360e0206b99dcbffa6c5"
  integrity sha512-8QQikdH7//R2vurIJSutZ1smHYTcLpRWEOlHnzcWHmBYrOGUysKwSsrC89BCiFj3CbrfJ/nXFdJepOVrY1GCHQ==
  dependencies:
    loose-envify "^1.4.0"
    object-assign "^4.1.1"
    react-is "^16.8.1"

raf@^3.4.0, raf@^3.4.1:
  version "3.4.1"
  resolved "https://registry.yarnpkg.com/raf/-/raf-3.4.1.tgz#0742e99a4a6552f445d73e3ee0328af0ff1ede39"
  integrity sha512-Sq4CW4QhwOHE8ucn6J34MqtZCeWFP2aQSmrlroYgqAV1PjStIhJXxYuTgUIfkEk7zTLjmIjLmU5q+fbD1NnOJA==
  dependencies:
    performance-now "^2.1.0"

rc-align@^4.0.0:
  version "4.0.8"
  resolved "https://registry.yarnpkg.com/rc-align/-/rc-align-4.0.8.tgz#276c3f5dfadf0de4bb95392cb81568c9e947a668"
  integrity sha512-2sRUkmB8z4UEXzaS+lDHzXMoR8HrtKH9nn2yHlHVNyUTnaucjMFbdEoCk+hO1g7cpIgW0MphG8i0EH2scSesfw==
  dependencies:
    "@babel/runtime" "^7.10.1"
    classnames "2.x"
    dom-align "^1.7.0"
    rc-util "^5.3.0"
    resize-observer-polyfill "^1.5.1"

rc-animate@3.x, rc-animate@~3.1.0:
  version "3.1.1"
  resolved "https://registry.yarnpkg.com/rc-animate/-/rc-animate-3.1.1.tgz#defdd863f56816c222534e4dc68feddecd081386"
  integrity sha512-8wg2Zg3EETy0k/9kYuis30NJNQg1D6/WSQwnCiz6SvyxQXNet/rVraRz3bPngwY6rcU2nlRvoShiYOorXyF7Sg==
  dependencies:
    "@ant-design/css-animation" "^1.7.2"
    classnames "^2.2.6"
    raf "^3.4.0"
    rc-util "^4.15.3"

rc-cascader@~1.4.0:
  version "1.4.0"
  resolved "https://registry.yarnpkg.com/rc-cascader/-/rc-cascader-1.4.0.tgz#d731ea8e07433558627941036091a2820e895474"
  integrity sha512-6kgQljDQEKjVAVRkZtvvoi+2qv4u42M6oLuvt4ZDBa16r3X9ZN8TAq3atVyC840ivbGKlHT50OcdVx/iwiHc1w==
  dependencies:
    array-tree-filter "^2.1.0"
    rc-trigger "^5.0.4"
    rc-util "^5.0.1"
    warning "^4.0.1"

rc-checkbox@~2.3.0:
  version "2.3.1"
  resolved "https://registry.yarnpkg.com/rc-checkbox/-/rc-checkbox-2.3.1.tgz#2a61bc43017c783bd2e9f1a67553bf8efe7aa4d3"
  integrity sha512-i290/iTqmZ0WtI2UPIryqT9rW6O99+an4KeZIyZDH3r+Jbb6YdddaWNdzq7g5m9zaNhJvgjf//wJtC4fvve2Tg==
  dependencies:
    "@babel/runtime" "^7.10.1"
    classnames "^2.2.1"

rc-collapse@~2.0.0:
  version "2.0.1"
  resolved "https://registry.yarnpkg.com/rc-collapse/-/rc-collapse-2.0.1.tgz#99e7655acd9c237b72369a39dcb5c713451e1e92"
  integrity sha512-sRNqwQovzQoptTh7dCwj3kfxrdor2oNXrGSBz+QJxSFS7N3Ujgf8X/KlN2ElCkwBKf7nNv36t9dwH0HEku4wJg==
  dependencies:
    "@ant-design/css-animation" "^1.7.2"
    classnames "2.x"
    rc-animate "3.x"
    rc-util "^5.2.1"
    shallowequal "^1.1.0"

rc-dialog@~8.4.0:
  version "8.4.3"
  resolved "https://registry.yarnpkg.com/rc-dialog/-/rc-dialog-8.4.3.tgz#de8650ce7d1fcb6c1f7e065b94a6894b9a5a54a4"
  integrity sha512-LHsWXb+2Cy4vEOeJcPvk9M0WSr80Gi438ov5rXt3E6XB4j+53Z+vMFRr+TagnVuOVQRCLmmzT4qutfm2U1OK6w==
  dependencies:
    "@babel/runtime" "^7.10.1"
    classnames "^2.2.6"
    rc-motion "^2.3.0"
    rc-util "^5.0.1"

rc-drawer@~4.1.0:
  version "4.1.0"
  resolved "https://registry.yarnpkg.com/rc-drawer/-/rc-drawer-4.1.0.tgz#d7bf0bc030300b62d282bc04e053b9acad6b08b4"
  integrity sha512-kjeQFngPjdzAFahNIV0EvEBoIKMOnvUsAxpkSPELoD/1DuR4nLafom5ryma+TIxGwkFJ92W6yjsMi1U9aiOTeQ==
  dependencies:
    "@babel/runtime" "^7.10.1"
    classnames "^2.2.6"
    rc-util "^5.0.1"

rc-dropdown@^3.1.3, rc-dropdown@~3.2.0:
  version "3.2.0"
  resolved "https://registry.yarnpkg.com/rc-dropdown/-/rc-dropdown-3.2.0.tgz#da6c2ada403842baee3a9e909a0b1a91ba3e1090"
  integrity sha512-j1HSw+/QqlhxyTEF6BArVZnTmezw2LnSmRk6I9W7BCqNCKaRwleRmMMs1PHbuaG8dKHVqP6e21RQ7vPBLVnnNw==
  dependencies:
    "@babel/runtime" "^7.10.1"
    classnames "^2.2.6"
    rc-trigger "^5.0.4"

rc-field-form@~1.13.0:
  version "1.13.0"
  resolved "https://registry.yarnpkg.com/rc-field-form/-/rc-field-form-1.13.0.tgz#817ca00c28690e540b951b373f53b6e9b6bf4a31"
  integrity sha512-kxhclPHizffWscGU5w/zkyKAadRHEX0RGm80kE/ULV2Qxof7xF4FaCh/TOownPvUnaH8YrkwapUvvxtBSroJGw==
  dependencies:
    "@babel/runtime" "^7.8.4"
    async-validator "^3.0.3"
    rc-util "^5.0.0"

rc-image@~3.2.1:
  version "3.2.2"
  resolved "https://registry.yarnpkg.com/rc-image/-/rc-image-3.2.2.tgz#5d2b7d474dd01ea7af2cbc84fe6af3de8905b3fe"
  integrity sha512-8D1pj4qTdC93IfeTPstGFBwpDRZPC565emm4VevrtyFoD9QHBF6kp9kOtzk0JAmbybLAQuX4GGNcwoc7tbZ9Zw==
  dependencies:
    "@ant-design/icons" "^4.2.2"
    "@babel/runtime" "^7.11.2"
    classnames "^2.2.6"
    rc-dialog "~8.4.0"
    rc-util "^5.0.6"

rc-input-number@~6.1.0:
  version "6.1.1"
  resolved "https://registry.yarnpkg.com/rc-input-number/-/rc-input-number-6.1.1.tgz#818c426942d1b4dc4d6d2639d741ca67773a9118"
  integrity sha512-9t2xf1G0YEism7FAXAvF1huBk7ZNABPBf6NL+3/aDL123WiT/vhhod4cldiDWTM1Yb2EDKR//ZIa546ScdsUaA==
  dependencies:
    "@babel/runtime" "^7.10.1"
    classnames "^2.2.5"
    rc-util "^5.0.1"

rc-mentions@~1.5.0:
  version "1.5.2"
  resolved "https://registry.yarnpkg.com/rc-mentions/-/rc-mentions-1.5.2.tgz#94559a369de73e7cc92f343badaf94499fb410a7"
  integrity sha512-GqV0tOtHY3pLpOsFCxJ2i6Ad8AVfxFmz0NlD/8rb8IG8pMpthJKcdfnXlNZRx3Fa9O4YEgJpdSY1WEbmlx2DWQ==
  dependencies:
    "@babel/runtime" "^7.10.1"
    classnames "^2.2.6"
    rc-menu "^8.0.1"
    rc-textarea "^0.3.0"
    rc-trigger "^5.0.4"
    rc-util "^5.0.1"

rc-menu@^8.0.1, rc-menu@^8.6.1:
  version "8.9.0"
  resolved "https://registry.yarnpkg.com/rc-menu/-/rc-menu-8.9.0.tgz#28957010f72ae8cc1a6f7a98282e13146b45050d"
  integrity sha512-lWyUZsyKyLOqTLnJRZoAsfpNbeKyZxJ7iTptnYkYVkcOzIomNnbHvX37VZuiRdC+d5E7TIUGdLZvRyr3xAHsbw==
  dependencies:
    "@babel/runtime" "^7.10.1"
    classnames "2.x"
    mini-store "^3.0.1"
    omit.js "^2.0.0"
    rc-motion "^2.0.1"
    rc-trigger "^5.0.4"
    rc-util "^5.0.1"
    resize-observer-polyfill "^1.5.0"
    shallowequal "^1.1.0"

rc-menu@~8.8.2:
  version "8.8.3"
  resolved "https://registry.yarnpkg.com/rc-menu/-/rc-menu-8.8.3.tgz#feb8ba0371dd342fbf1052d4fcca7b669b0bf66a"
  integrity sha512-C9sT0SBXmUbVWRUseXASousacRVPnOm5aXdyJR569WIvZwbs2IncpGNmAcft1R5ZuFE3Y+SZZ5FYvtGtbCzkIQ==
  dependencies:
    "@babel/runtime" "^7.10.1"
    classnames "2.x"
    mini-store "^3.0.1"
    omit.js "^2.0.0"
    rc-motion "^2.0.1"
    rc-trigger "^5.0.4"
    rc-util "^5.0.1"
    resize-observer-polyfill "^1.5.0"
    shallowequal "^1.1.0"

rc-motion@^2.0.0, rc-motion@^2.0.1, rc-motion@^2.2.0, rc-motion@^2.3.0:
  version "2.3.3"
  resolved "https://registry.yarnpkg.com/rc-motion/-/rc-motion-2.3.3.tgz#308fe27f2d2b4d6e951297740294fff32d13c15b"
  integrity sha512-eOpPDFz6Y+gX1Nd3/AZOhS+Cqv9CiyJ+hrfAinfemJv+fiiVLv/NkFYe2fqw0onNeGiTKJaDF5Ah4Hm006K5yw==
  dependencies:
    "@babel/runtime" "^7.11.1"
    classnames "^2.2.1"
    rc-util "^5.2.1"

rc-notification@~4.5.2:
  version "4.5.2"
  resolved "https://registry.yarnpkg.com/rc-notification/-/rc-notification-4.5.2.tgz#7836fc04068e00a764fca944074101faa144d503"
  integrity sha512-rIgQip4BzUbHpDXDdNc2EFgIh1gxI97UjUbhU8hzdsjytBVstIEHXH36EgHTGllMkOhL9PkQOByg+mgV+I60ZQ==
  dependencies:
    "@babel/runtime" "^7.10.1"
    classnames "2.x"
    rc-motion "^2.2.0"
    rc-util "^5.0.1"

rc-pagination@~3.1.0:
  version "3.1.1"
  resolved "https://registry.yarnpkg.com/rc-pagination/-/rc-pagination-3.1.1.tgz#6a3b28f871181b7fad298a15a91f1de6f6e6304a"
  integrity sha512-8chFRHXRXRhdPO2Tlmm4hnA/1FnO2hYSoop6FaukQ9/IaCugsVVcXo7OqZ03YJY+aWQLtS6tDsb+sAapCCmljw==
  dependencies:
    "@babel/runtime" "^7.10.1"
    classnames "^2.2.1"

rc-picker@~2.3.0:
  version "2.3.3"
  resolved "https://registry.yarnpkg.com/rc-picker/-/rc-picker-2.3.3.tgz#c58c4270891f92aad02d0404d1699285f9321fd9"
  integrity sha512-ah4ucCnAs8ss7GgV7sF7MGgRlyfP4753z+OjnF4X7cIrntygklQqiFDBZYS02RX773vhJ+jc6AbyoR7hI4aGng==
  dependencies:
    "@babel/runtime" "^7.10.1"
    classnames "^2.2.1"
    date-fns "^2.15.0"
    dayjs "^1.8.30"
    moment "^2.24.0"
    rc-trigger "^5.0.4"
    rc-util "^5.4.0"
    shallowequal "^1.1.0"

rc-progress@~3.1.0:
  version "3.1.1"
  resolved "https://registry.yarnpkg.com/rc-progress/-/rc-progress-3.1.1.tgz#f7ba5eb33cc438862513ab5a71739feaf6b3ef4f"
  integrity sha512-1ns3pW7ll9bHfdXtlVLF+vngdvlxiCDtiqwXnZFEdurst11JTiPxVdeqnCNbhWx5hP4kCKkAPqG1N0FVfTSUGA==
  dependencies:
    "@babel/runtime" "^7.10.1"
    classnames "^2.2.6"

rc-rate@~2.8.2:
  version "2.8.2"
  resolved "https://registry.yarnpkg.com/rc-rate/-/rc-rate-2.8.2.tgz#d82d237d74fd4aef3e0581d2700b646cdd1cd8a2"
  integrity sha512-f9T/D+ZwWQrWHkpidpQbnXpnVMGMC4eSRAkwuu88a8Qv1C/9LNc4AErazoh8tpnZBFqq19F3j0Glv+sDgkfEig==
  dependencies:
    "@babel/runtime" "^7.10.1"
    classnames "^2.2.5"
    rc-util "^5.0.1"

rc-resize-observer@^0.2.0, rc-resize-observer@^0.2.1, rc-resize-observer@^0.2.3:
  version "0.2.6"
  resolved "https://registry.yarnpkg.com/rc-resize-observer/-/rc-resize-observer-0.2.6.tgz#c1b642f6d1293e34c4e3715f47f69443a167b825"
  integrity sha512-YX6nYnd6fk7zbuvT6oSDMKiZjyngjHoy+fz+vL3Tez38d/G5iGdaDJa2yE7345G6sc4Mm1IGRUIwclvltddhmA==
  dependencies:
    "@babel/runtime" "^7.10.1"
    classnames "^2.2.1"
    rc-util "^5.0.0"
    resize-observer-polyfill "^1.5.1"

rc-select@^11.1.1, rc-select@~11.4.0:
  version "11.4.2"
  resolved "https://registry.yarnpkg.com/rc-select/-/rc-select-11.4.2.tgz#5b431ee7b2cc6e439886ca855774fc116e6fe6fb"
  integrity sha512-DQHYwMcvAajnnlahKkYIW47AVTXgxpGj9CWbe+juXgvxawQRFUdd8T8L2Q05aOkMy02UTG0Qrs7EZfHmn5QHbA==
  dependencies:
    "@babel/runtime" "^7.10.1"
    classnames "2.x"
    rc-motion "^2.0.1"
    rc-trigger "^5.0.4"
    rc-util "^5.0.1"
    rc-virtual-list "^3.2.0"
    warning "^4.0.3"

rc-slider@~9.5.2:
  version "9.5.4"
  resolved "https://registry.yarnpkg.com/rc-slider/-/rc-slider-9.5.4.tgz#4bbb1c7810037adad030c82a1e47e1b331405449"
  integrity sha512-24goJnWhmWi0ojNZMoPSMni2wh73IPqEK0TJh7rWn10hPLLKgG8x3KRR0g4uUdCS9APHyosqxGXUIJKGydJXVg==
  dependencies:
    "@babel/runtime" "^7.10.1"
    classnames "^2.2.5"
    rc-tooltip "^5.0.1"
    rc-util "^5.0.0"
    shallowequal "^1.1.0"

rc-steps@~4.1.0:
  version "4.1.3"
  resolved "https://registry.yarnpkg.com/rc-steps/-/rc-steps-4.1.3.tgz#208580e22db619e3830ddb7fa41bc886c65d9803"
  integrity sha512-GXrMfWQOhN3sVze3JnzNboHpQdNHcdFubOETUHyDpa/U3HEKBZC3xJ8XK4paBgF4OJ3bdUVLC+uBPc6dCxvDYA==
  dependencies:
    "@babel/runtime" "^7.10.2"
    classnames "^2.2.3"
    rc-util "^5.0.1"

rc-switch@~3.2.0:
  version "3.2.2"
  resolved "https://registry.yarnpkg.com/rc-switch/-/rc-switch-3.2.2.tgz#d001f77f12664d52595b4f6fb425dd9e66fba8e8"
  integrity sha512-+gUJClsZZzvAHGy1vZfnwySxj+MjLlGRyXKXScrtCTcmiYNPzxDFOxdQ/3pK1Kt/0POvwJ/6ALOR8gwdXGhs+A==
  dependencies:
    "@babel/runtime" "^7.10.1"
    classnames "^2.2.1"
    rc-util "^5.0.1"

rc-table@~7.10.0:
  version "7.10.3"
  resolved "https://registry.yarnpkg.com/rc-table/-/rc-table-7.10.3.tgz#f667e3d7d8a00c490beb83086ed9f3a04df6850f"
  integrity sha512-iX96RaERJiTsmO8wljxjCHhsPMTge/0BB1dHS4I+5xegr+bud8a2KV4mX3rYcrnVjYueTqmtXH2K6EQYNhpOGw==
  dependencies:
    "@babel/runtime" "^7.10.1"
    classnames "^2.2.5"
    rc-resize-observer "^0.2.0"
    rc-util "^5.4.0"
    shallowequal "^1.1.0"

rc-tabs@~11.7.0:
  version "11.7.0"
  resolved "https://registry.yarnpkg.com/rc-tabs/-/rc-tabs-11.7.0.tgz#e03a03fbf5b8d04a1c9f12f24a621b1d7ff6a093"
  integrity sha512-nYwQcgML2drM0iau4aa6HI4qyyZSW0WpspCAtO5KGjXwHzUJcvv3qgLVuoQOWQaDDHXkI9Jj8U7Y/Hcrdyj1Kw==
  dependencies:
    "@babel/runtime" "^7.11.2"
    classnames "2.x"
    raf "^3.4.1"
    rc-dropdown "^3.1.3"
    rc-menu "^8.6.1"
    rc-resize-observer "^0.2.1"
    rc-util "^5.0.0"

rc-textarea@^0.3.0, rc-textarea@~0.3.0:
  version "0.3.1"
  resolved "https://registry.yarnpkg.com/rc-textarea/-/rc-textarea-0.3.1.tgz#e81e1ef6f0e29729f9f80bb266cf6769dd7ab69a"
  integrity sha512-bO5Ol5uD6A++aWI6BJ0Pa/8OZcGeacP9LxIGkUqkCwPyOG3kaLOsWb8ya4xCfrsC2P4vDTsHsJmmmG5wuXGFRg==
  dependencies:
    "@babel/runtime" "^7.10.1"
    classnames "^2.2.1"
    omit.js "^2.0.0"
    rc-resize-observer "^0.2.3"

rc-tooltip@^5.0.1, rc-tooltip@~5.0.0:
  version "5.0.1"
  resolved "https://registry.yarnpkg.com/rc-tooltip/-/rc-tooltip-5.0.1.tgz#b82c4259604d2cb62ca610ed7932dd37fc6ef61d"
  integrity sha512-3AnxhUS0j74xAV3khrKw8o6rg+Ima3nw09DJBezMPnX3ImQUAnayWsPSlN1mEnihjA43rcFkGM1emiKE+CXyMQ==
  dependencies:
    "@babel/runtime" "^7.11.2"
    rc-trigger "^5.0.0"

rc-tree-select@~4.1.1:
  version "4.1.2"
  resolved "https://registry.yarnpkg.com/rc-tree-select/-/rc-tree-select-4.1.2.tgz#bf012c3c32cf2e82fc7ffbdd60cb596163a290a0"
  integrity sha512-2tRwZ4ChY+BarVKHoPR65kSZtopgwKCig6ngJiiTVgYfRdAhfdQp2j2+L8YW9TkosYGmwgTOhmlphlG3QNy7Pg==
  dependencies:
    "@babel/runtime" "^7.10.1"
    classnames "2.x"
    rc-select "^11.1.1"
    rc-tree "^3.8.0"
    rc-util "^5.0.5"

rc-tree@^3.8.0:
  version "3.11.0"
  resolved "https://registry.yarnpkg.com/rc-tree/-/rc-tree-3.11.0.tgz#87edf01842bd88a05519e30dd7312bee3f7e2618"
  integrity sha512-3RxA6fckbzX7WOk7g4gvO6AOad0znc8QW2nsv1IXSiljQaIMiyx1AK0zhzIEtABgWKbIs9QkhnBvIAHS4Rn9LA==
  dependencies:
    "@babel/runtime" "^7.10.1"
    classnames "2.x"
    rc-motion "^2.0.1"
    rc-util "^5.0.0"
    rc-virtual-list "^3.0.1"

rc-tree@~3.10.0:
  version "3.10.0"
  resolved "https://registry.yarnpkg.com/rc-tree/-/rc-tree-3.10.0.tgz#897498b3756f6c84f41ad2b244ee9489abf43b7f"
  integrity sha512-kf7J/f2E2T8Kfta3/1BIg65AzTmXOgOjn0KOpvD3KI/gqkfKMRKUS1ybkxW39JUPpKwdeOHFnYH+nFFMq7tkfg==
  dependencies:
    "@babel/runtime" "^7.10.1"
    classnames "2.x"
    rc-motion "^2.0.1"
    rc-util "^5.0.0"
    rc-virtual-list "^3.0.1"

rc-trigger@^5.0.0, rc-trigger@^5.0.4, rc-trigger@~5.0.3:
  version "5.0.8"
  resolved "https://registry.yarnpkg.com/rc-trigger/-/rc-trigger-5.0.8.tgz#91bc770d080ab0715aaf13b4af046f008eb6721b"
  integrity sha512-0bgFw39CKWRC4l3eQrqXe0O/e+XgZW68tXVewU/FI3qGs3PWXlPPbInes2ZvTIka/mS5oqOfF7wC1NPwPfo+9w==
  dependencies:
    "@babel/runtime" "^7.11.2"
    classnames "^2.2.6"
    rc-align "^4.0.0"
    rc-motion "^2.0.0"
    rc-util "^5.3.4"

rc-upload@~3.3.1:
  version "3.3.1"
  resolved "https://registry.yarnpkg.com/rc-upload/-/rc-upload-3.3.1.tgz#ad8658b2a796031930b35d2b07ab312b7cd4c9ed"
  integrity sha512-KWkJbVM9BwU8qi/2jZwmZpAcdRzDkuyfn/yAOLu+nm47dyd6//MtxzQD3XZDFkC6jQ6D5FmlKn6DhmOfV3v43w==
  dependencies:
    "@babel/runtime" "^7.10.1"
    classnames "^2.2.5"
    rc-util "^5.2.0"

rc-util@^4.15.3:
  version "4.21.1"
  resolved "https://registry.yarnpkg.com/rc-util/-/rc-util-4.21.1.tgz#88602d0c3185020aa1053d9a1e70eac161becb05"
  integrity sha512-Z+vlkSQVc1l8O2UjR3WQ+XdWlhj5q9BMQNLk2iOBch75CqPfrJyGtcWMcnhRlNuDu0Ndtt4kLVO8JI8BrABobg==
  dependencies:
    add-dom-event-listener "^1.1.0"
    prop-types "^15.5.10"
    react-is "^16.12.0"
    react-lifecycles-compat "^3.0.4"
    shallowequal "^1.1.0"

rc-util@^5.0.0, rc-util@^5.0.1, rc-util@^5.0.5, rc-util@^5.0.6, rc-util@^5.0.7, rc-util@^5.1.0, rc-util@^5.2.0, rc-util@^5.2.1, rc-util@^5.3.0, rc-util@^5.3.4, rc-util@^5.4.0:
  version "5.4.0"
  resolved "https://registry.yarnpkg.com/rc-util/-/rc-util-5.4.0.tgz#688eaeecfdae9dae2bfdf10bedbe884591dba004"
  integrity sha512-kXDn1JyLJTAWLBFt+fjkTcUtXhxKkipQCobQmxIEVrX62iXgo24z8YKoWehWfMxPZFPE+RXqrmEu9j5kHz/Lrg==
  dependencies:
    react-is "^16.12.0"
    shallowequal "^1.1.0"

rc-virtual-list@^3.0.1, rc-virtual-list@^3.2.0:
  version "3.2.0"
  resolved "https://registry.yarnpkg.com/rc-virtual-list/-/rc-virtual-list-3.2.0.tgz#21e70f42b22f510d38ceb1ba339b89b865686fcd"
  integrity sha512-NZb+Z4tGkfrCNXprVUlLJxoRVIELwLmlY5nHwiV3pj4eA9Of8thpQwtT+AomwcZjKhC7R/EDtpk2ATMJXX5s3Q==
  dependencies:
    classnames "^2.2.6"
    rc-resize-observer "^0.2.3"
    rc-util "^5.0.7"

react-is@^16.12.0, react-is@^16.7.0, react-is@^16.8.1:
  version "16.13.1"
  resolved "https://registry.yarnpkg.com/react-is/-/react-is-16.13.1.tgz#789729a4dc36de2999dc156dd6c1d9c18cea56a4"
  integrity sha512-24e6ynE2H+OKt4kqsOvNd8kBpV65zoxbA4BVsEOB3ARVWQki/DHzaUoC5KuON/BiccDaCCTZBuOcfZs70kR8bQ==

react-is@^17.0.1:
  version "17.0.1"
  resolved "https://registry.yarnpkg.com/react-is/-/react-is-17.0.1.tgz#5b3531bd76a645a4c9fb6e693ed36419e3301339"
  integrity sha512-NAnt2iGDXohE5LI7uBnLnqvLQMtzhkiAOLXTmv+qnF9Ky7xAPcX8Up/xWIhxvLVGJvuLiNc4xQLtuqDRzb4fSA==

react-lifecycles-compat@^3.0.4:
  version "3.0.4"
  resolved "https://registry.yarnpkg.com/react-lifecycles-compat/-/react-lifecycles-compat-3.0.4.tgz#4f1a273afdfc8f3488a8c516bfda78f872352362"
  integrity sha512-fBASbA6LnOU9dOU2eW7aQ8xmYBSXUIWr+UmF9b1efZBazGNO+rcXT/icdKnYm2pTwcRylVUYwW7H1PHfLekVzA==

redent@^3.0.0:
  version "3.0.0"
  resolved "https://registry.yarnpkg.com/redent/-/redent-3.0.0.tgz#e557b7998316bb53c9f1f56fa626352c6963059f"
  integrity sha512-6tDA8g98We0zd0GvVeMT9arEOnTw9qM03L9cJXaCjrip1OO764RDBLBfrB4cwzNGDj5OA5ioymC9GkizgWJDUg==
  dependencies:
    indent-string "^4.0.0"
    strip-indent "^3.0.0"

regenerator-runtime@^0.13.4:
  version "0.13.7"
  resolved "https://registry.yarnpkg.com/regenerator-runtime/-/regenerator-runtime-0.13.7.tgz#cac2dacc8a1ea675feaabaeb8ae833898ae46f55"
  integrity sha512-a54FxoJDIr27pgf7IgeQGxmqUNYrcV338lf/6gH456HZ/PhX+5BcwHXG9ajESmwe6WRO0tAzRUrRmNONWgkrew==

resize-observer-polyfill@^1.5.0, resize-observer-polyfill@^1.5.1:
  version "1.5.1"
  resolved "https://registry.yarnpkg.com/resize-observer-polyfill/-/resize-observer-polyfill-1.5.1.tgz#0e9020dd3d21024458d4ebd27e23e40269810464"
  integrity sha512-LwZrotdHOo12nQuZlHEmtuXdqGoOD0OhaxopaNFxWzInpEgaLWoVuAMbTzixuosCx2nEG58ngzW3vxdWoxIgdg==

scroll-into-view-if-needed@^2.2.25:
  version "2.2.26"
  resolved "https://registry.yarnpkg.com/scroll-into-view-if-needed/-/scroll-into-view-if-needed-2.2.26.tgz#e4917da0c820135ff65ad6f7e4b7d7af568c4f13"
  integrity sha512-SQ6AOKfABaSchokAmmaxVnL9IArxEnLEX9j4wAZw+x4iUTb40q7irtHG3z4GtAWz5veVZcCnubXDBRyLVQaohw==
  dependencies:
    compute-scroll-into-view "^1.0.16"

shallowequal@^1.0.2, shallowequal@^1.1.0:
  version "1.1.0"
  resolved "https://registry.yarnpkg.com/shallowequal/-/shallowequal-1.1.0.tgz#188d521de95b9087404fd4dcb68b13df0ae4e7f8"
  integrity sha512-y0m1JoUZSlPAjXVtPPW70aZWfIL/dSP7AFkRnniLCrK/8MDKog3TySTBmckD+RObVxH0v4Tox67+F14PdED2oQ==

source-map-resolve@^0.6.0:
  version "0.6.0"
  resolved "https://registry.yarnpkg.com/source-map-resolve/-/source-map-resolve-0.6.0.tgz#3d9df87e236b53f16d01e58150fc7711138e5ed2"
  integrity sha512-KXBr9d/fO/bWo97NXsPIAW1bFSBOuCnjbNTBMO7N59hsv5i9yzRDfcYwwt0l04+VqnKC+EwzvJZIP/qkuMgR/w==
  dependencies:
    atob "^2.1.2"
    decode-uri-component "^0.2.0"

source-map@^0.6.1:
  version "0.6.1"
  resolved "https://registry.yarnpkg.com/source-map/-/source-map-0.6.1.tgz#74722af32e9614e9c287a8d0bbde48b5e2f1a263"
  integrity sha512-UjgapumWlbMhkBgzT7Ykc5YXUT46F0iKu8SGXq0bcwP5dz/h0Plj6enJqjz1Zbq2l5WaqYnrVbwWOWMyF3F47g==

string-convert@^0.2.0:
  version "0.2.1"
  resolved "https://registry.yarnpkg.com/string-convert/-/string-convert-0.2.1.tgz#6982cc3049fbb4cd85f8b24568b9d9bf39eeff97"
  integrity sha1-aYLMMEn7tM2F+LJFaLnZvznu/5c=

strip-indent@^3.0.0:
  version "3.0.0"
  resolved "https://registry.yarnpkg.com/strip-indent/-/strip-indent-3.0.0.tgz#c32e1cee940b6b3432c771bc2c54bcce73cd3001"
  integrity sha512-laJTa3Jb+VQpaC6DseHhF7dXVqHTfJPCRDaEbid/drOhgitgYku/letMUqOXFoWV0zIIUbjpdH2t+tYj4bQMRQ==
  dependencies:
    min-indent "^1.0.0"

supports-color@^5.3.0:
  version "5.5.0"
  resolved "https://registry.yarnpkg.com/supports-color/-/supports-color-5.5.0.tgz#e2e69a44ac8772f78a1ec0b35b689df6530efc8f"
  integrity sha512-QjVjwdXIt408MIiAqCX4oUKsgU2EqAGzs2Ppkm4aQYbjm+ZEWEcW4SfFNTr4uMNZma0ey4f5lgLrkB0aX0QMow==
  dependencies:
    has-flag "^3.0.0"

supports-color@^7.1.0:
  version "7.2.0"
  resolved "https://registry.yarnpkg.com/supports-color/-/supports-color-7.2.0.tgz#1b7dcdcb32b8138801b3e478ba6a51caa89648da"
  integrity sha512-qpCAvRl9stuOHveKsn7HncJRvv501qIacKzQlO/+Lwxc9+0q2wLyv4Dfvt80/DPn2pqOBsJdDiogXGR9+OvwRw==
  dependencies:
    has-flag "^4.0.0"

tinycolor2@^1.4.1:
  version "1.4.2"
  resolved "https://registry.yarnpkg.com/tinycolor2/-/tinycolor2-1.4.2.tgz#3f6a4d1071ad07676d7fa472e1fac40a719d8803"
  integrity sha512-vJhccZPs965sV/L2sU4oRQVAos0pQXwsvTLkWYdqJ+a8Q5kPFzJTuOFwy7UniPli44NKQGAglksjvOcpo95aZA==

toggle-selection@^1.0.6:
  version "1.0.6"
  resolved "https://registry.yarnpkg.com/toggle-selection/-/toggle-selection-1.0.6.tgz#6e45b1263f2017fa0acc7d89d78b15b8bf77da32"
  integrity sha1-bkWxJj8gF/oKzH2J14sVuL932jI=

warning@^4.0.1, warning@^4.0.3:
  version "4.0.3"
  resolved "https://registry.yarnpkg.com/warning/-/warning-4.0.3.tgz#16e9e077eb8a86d6af7d64aa1e05fd85b4678ca3"
  integrity sha512-rpJyN222KWIvHJ/F53XSZv0Zl/accqHR8et1kpaMTD/fLCRxtV8iX8czMzY7sVZupTI3zcUTg8eycS2kNF9l6w==
  dependencies:
    loose-envify "^1.0.0"

web-vitals@^0.2.4:
  version "0.2.4"
  resolved "https://registry.yarnpkg.com/web-vitals/-/web-vitals-0.2.4.tgz#ec3df43c834a207fd7cdefd732b2987896e08511"
  integrity sha512-6BjspCO9VriYy12z356nL6JBS0GYeEcA457YyRzD+dD6XYCQ75NKhcOHUMHentOE7OcVCIXXDvOm0jKFfQG2Gg==
